
Microsoft Visual Studio Solution File, Format Version 12.00
# Visual Studio Version 16
VisualStudioVersion = 16.0.29418.71
MinimumVisualStudioVersion = 10.0.40219.1
Project("{9A19103F-16F7-4668-BE54-9A1E7A4F7556}") = "FluentAssertDemo", "FluentAssertDemo\FluentAssertDemo.csproj", "{D896D54C-69A0-492F-89D6-727D466818A5}"
EndProject
Project("{FAE04EC0-301F-11D3-BF4B-00C04F79EFBC}") = "FluentAssertDemo.MSTest", "FluentAssertDemo.MSTest\FluentAssertDemo.MSTest.csproj", "{5B31319F-D24F-45BE-9654-BDBFE13DD6C1}"
EndProject
Project("{FAE04EC0-301F-11D3-BF4B-00C04F79EFBC}") = "FluentAssertDemo.NUnit", "FluentAssertDemo.NUnit\FluentAssertDemo.NUnit.csproj", "{4260884B-1A08-4550-B043-7875D54288D9}"
EndProject
Project("{FAE04EC0-301F-11D3-BF4B-00C04F79EFBC}") = "FluentAssertDemo.xUnit", "FluentAssertDemo.xUnit\FluentAssertDemo.xUnit.csproj", "{A896B851-24AF-4AFB-B1E7-C2FFAE1378E1}"
EndProject
Global
	GlobalSection(SolutionConfigurationPlatforms) = preSolution
		Debug|Any CPU = Debug|Any CPU
		Release|Any CPU = Release|Any CPU
	EndGlobalSection
	GlobalSection(ProjectConfigurationPlatforms) = postSolution
		{D896D54C-69A0-492F-89D6-727D466818A5}.Debug|Any CPU.ActiveCfg = Debug|Any CPU
		{D896D54C-69A0-492F-89D6-727D466818A5}.Debug|Any CPU.Build.0 = Debug|Any CPU
		{D896D54C-69A0-492F-89D6-727D466818A5}.Release|Any CPU.ActiveCfg = Release|Any CPU
		{D896D54C-69A0-492F-89D6-727D466818A5}.Release|Any CPU.Build.0 = Release|Any CPU
		{5B31319F-D24F-45BE-9654-BDBFE13DD6C1}.Debug|Any CPU.ActiveCfg = Debug|Any CPU
		{5B31319F-D24F-45BE-9654-BDBFE13DD6C1}.Debug|Any CPU.Build.0 = Debug|Any CPU
		{5B31319F-D24F-45BE-9654-BDBFE13DD6C1}.Release|Any CPU.ActiveCfg = Release|Any CPU
		{5B31319F-D24F-45BE-9654-BDBFE13DD6C1}.Release|Any CPU.Build.0 = Release|Any CPU
		{4260884B-1A08-4550-B043-7875D54288D9}.Debug|Any CPU.ActiveCfg = Debug|Any CPU
		{4260884B-1A08-4550-B043-7875D54288D9}.Debug|Any CPU.Build.0 = Debug|Any CPU
		{4260884B-1A08-4550-B043-7875D54288D9}.Release|Any CPU.ActiveCfg = Release|Any CPU
		{4260884B-1A08-4550-B043-7875D54288D9}.Release|Any CPU.Build.0 = Release|Any CPU
		{A896B851-24AF-4AFB-B1E7-C2FFAE1378E1}.Debug|Any CPU.ActiveCfg = Debug|Any CPU
		{A896B851-24AF-4AFB-B1E7-C2FFAE1378E1}.Debug|Any CPU.Build.0 = Debug|Any CPU
		{A896B851-24AF-4AFB-B1E7-C2FFAE1378E1}.Release|Any CPU.ActiveCfg = Release|Any CPU
		{A896B851-24AF-4AFB-B1E7-C2FFAE1378E1}.Release|Any CPU.Build.0 = Release|Any CPU
	EndGlobalSection
	GlobalSection(SolutionProperties) = preSolution
		HideSolutionNode = FALSE
	EndGlobalSection
	GlobalSection(ExtensibilityGlobals) = postSolution
		SolutionGuid = {661766B1-3501-4E24-B98B-7E4D0FADDB6A}
	EndGlobalSection
EndGlobal
